{
  "name": "bookmarkd",
  "requires": true,
  "lockfileVersion": 1,
  "dependencies": {
    "@popperjs/core": {
      "version": "2.5.3",
      "resolved": "https://registry.npmjs.org/@popperjs/core/-/core-2.5.3.tgz",
      "integrity": "sha512-RFwCobxsvZ6j7twS7dHIZQZituMIDJJNHS/qY6iuthVebxS3zhRY+jaC2roEKiAYaVuTcGmX6Luc6YBcf6zJVg=="
    },
    "bootstrap": {
      "version": "4.5.3",
      "resolved": "https://registry.npmjs.org/bootstrap/-/bootstrap-4.5.3.tgz",
      "integrity": "sha512-o9ppKQioXGqhw8Z7mah6KdTYpNQY//tipnkxppWhPbiSWdD+1raYsnhwEZjkTHYbGee4cVQ0Rx65EhOY/HNLcQ=="
    },
    "bootstrap-maxlength": {
      "version": "1.10.0",
      "resolved": "https://registry.npmjs.org/bootstrap-maxlength/-/bootstrap-maxlength-1.10.0.tgz",
      "integrity": "sha512-Y/mz5JpJOdQCyJSIHiC58J9iL1o9utbPnKwjX7lUvdpcxet+hwpWBTjjaVKs9j2n65JT1aik4P0X8iIu3T1Law==",
      "requires": {
        "bootstrap": ">=2",
        "jquery": ">=3.5"
      }
    },
    "bootstrap-show-password": {
      "version": "1.2.1",
      "resolved": "https://registry.npmjs.org/bootstrap-show-password/-/bootstrap-show-password-1.2.1.tgz",
      "integrity": "sha512-AAKUC1MrXowakbP9nJBUTzUmG5XrG4/fc4abhXrBGxkutp9aK6/XlyqiuFJ04gDFhslDt/nncWNQ+pxGZYdRNQ=="
    },
    "jquery": {
      "version": "3.5.1",
      "resolved": "https://registry.npmjs.org/jquery/-/jquery-3.5.1.tgz",
      "integrity": "sha512-XwIBPqcMn57FxfT+Go5pzySnm4KWkT1Tv7gjrpT1srtf8Weynl6R273VJ5GjkRb51IzMp5nbaPjJXMWeju2MKg=="
    },
    "jquery-ui": {
      "version": "1.12.1",
      "resolved": "https://registry.npmjs.org/jquery-ui/-/jquery-ui-1.12.1.tgz",
      "integrity": "sha1-vLQEXI3QU5wTS8FIjN0+dop6nlE="
    },
    "toastr": {
      "version": "2.1.4",
      "resolved": "https://registry.npmjs.org/toastr/-/toastr-2.1.4.tgz",
      "integrity": "sha1-i0O+ZPudDEFIcURvLbjoyk6V8YE=",
      "requires": {
        "jquery": ">=1.12.0"
      }
    }
  }
}
