# THIS IS AN AUTOGENERATED FILE. DO NOT EDIT THIS FILE DIRECTLY.
# yarn lockfile v1


"@fortawesome/fontawesome-free@^5.15.1":
  version "5.15.1"
  resolved "https://registry.yarnpkg.com/@fortawesome/fontawesome-free/-/fontawesome-free-5.15.1.tgz#ccfef6ddbe59f8fe8f694783e1d3eb88902dc5eb"
  integrity sha512-OEdH7SyC1suTdhBGW91/zBfR6qaIhThbcN8PUXtXilY4GYnSBbVqOntdHbC1vXwsDnX0Qix2m2+DSU1J51ybOQ==

"@popperjs/core@^2.4.4", "@popperjs/core@^2.5.3":
  version "2.5.3"
  resolved "https://registry.yarnpkg.com/@popperjs/core/-/core-2.5.3.tgz#4982b0b66b7a4cf949b86f5d25a8cf757d3cfd9d"
  integrity sha512-RFwCobxsvZ6j7twS7dHIZQZituMIDJJNHS/qY6iuthVebxS3zhRY+jaC2roEKiAYaVuTcGmX6Luc6YBcf6zJVg==

bootstrap-maxlength@^1.10.0:
  version "1.10.0"
  resolved "https://registry.yarnpkg.com/bootstrap-maxlength/-/bootstrap-maxlength-1.10.0.tgz#4029dd75edb9ba0b97d24b589069e9065f1d912a"
  integrity sha512-Y/mz5JpJOdQCyJSIHiC58J9iL1o9utbPnKwjX7lUvdpcxet+hwpWBTjjaVKs9j2n65JT1aik4P0X8iIu3T1Law==
  dependencies:
    bootstrap ">=2"
    jquery ">=3.5"

bootstrap@>=2, bootstrap@^4.5.3:
  version "4.5.3"
  resolved "https://registry.yarnpkg.com/bootstrap/-/bootstrap-4.5.3.tgz#c6a72b355aaf323920be800246a6e4ef30997fe6"
  integrity sha512-o9ppKQioXGqhw8Z7mah6KdTYpNQY//tipnkxppWhPbiSWdD+1raYsnhwEZjkTHYbGee4cVQ0Rx65EhOY/HNLcQ==

jquery@>=1.12.0, jquery@>=3.5, jquery@^3.5.1:
  version "3.5.1"
  resolved "https://registry.yarnpkg.com/jquery/-/jquery-3.5.1.tgz#d7b4d08e1bfdb86ad2f1a3d039ea17304717abb5"
  integrity sha512-XwIBPqcMn57FxfT+Go5pzySnm4KWkT1Tv7gjrpT1srtf8Weynl6R273VJ5GjkRb51IzMp5nbaPjJXMWeju2MKg==

tippy.js@^6.2.7:
  version "6.2.7"
  resolved "https://registry.yarnpkg.com/tippy.js/-/tippy.js-6.2.7.tgz#62fb34eda23f7d78151ddca922b62818c1ab9869"
  integrity sha512-k+kWF9AJz5xLQHBi3K/XlmJiyu+p9gsCyc5qZhxxGaJWIW8SMjw1R+C7saUnP33IM8gUhDA2xX//ejRSwqR0tA==
  dependencies:
    "@popperjs/core" "^2.4.4"

toastr@^2.1.4:
  version "2.1.4"
  resolved "https://registry.yarnpkg.com/toastr/-/toastr-2.1.4.tgz#8b43be64fb9d0c414871446f2db8e8ca4e95f181"
  integrity sha1-i0O+ZPudDEFIcURvLbjoyk6V8YE=
  dependencies:
    jquery ">=1.12.0"
